
Microsoft Visual Studio Solution File, Format Version 12.00
# Visual Studio Version 16
VisualStudioVersion = 16.0.30717.126
MinimumVisualStudioVersion = 10.0.40219.1
Project("{9A19103F-16F7-4668-BE54-9A1E7A4F7556}") = "dotnetthanks-loader", "dotnetthanks-loader.csproj", "{A43922F5-3C39-4F49-B6B8-625504E4E967}"
EndProject
Project("{9A19103F-16F7-4668-BE54-9A1E7A4F7556}") = "dotnetthanks-loader.Tests", "Tests\dotnetthanks-loader.Tests.csproj", "{B5E3D8F1-2A4C-4D6E-9F1B-3C5E7A9D2F4B}"
EndProject
Global
	GlobalSection(SolutionConfigurationPlatforms) = preSolution
		Debug|Any CPU = Debug|Any CPU
		Release|Any CPU = Release|Any CPU
	EndGlobalSection
	GlobalSection(ProjectConfigurationPlatforms) = postSolution
		{A43922F5-3C39-4F49-B6B8-625504E4E967}.Debug|Any CPU.ActiveCfg = Debug|Any CPU
		{A43922F5-3C39-4F49-B6B8-625504E4E967}.Debug|Any CPU.Build.0 = Debug|Any CPU
		{A43922F5-3C39-4F49-B6B8-625504E4E967}.Release|Any CPU.ActiveCfg = Release|Any CPU
		{A43922F5-3C39-4F49-B6B8-625504E4E967}.Release|Any CPU.Build.0 = Release|Any CPU
		{B5E3D8F1-2A4C-4D6E-9F1B-3C5E7A9D2F4B}.Debug|Any CPU.ActiveCfg = Debug|Any CPU
		{B5E3D8F1-2A4C-4D6E-9F1B-3C5E7A9D2F4B}.Debug|Any CPU.Build.0 = Debug|Any CPU
		{B5E3D8F1-2A4C-4D6E-9F1B-3C5E7A9D2F4B}.Release|Any CPU.ActiveCfg = Release|Any CPU
		{B5E3D8F1-2A4C-4D6E-9F1B-3C5E7A9D2F4B}.Release|Any CPU.Build.0 = Release|Any CPU
	EndGlobalSection
	GlobalSection(SolutionProperties) = preSolution
		HideSolutionNode = FALSE
	EndGlobalSection
	GlobalSection(ExtensibilityGlobals) = postSolution
		SolutionGuid = {4229ECDD-91EB-482C-B3C6-2EBC8E1E7EBF}
	EndGlobalSection
EndGlobal
